
Microsoft Visual Studio Solution File, Format Version 12.00
# Visual Studio Version 17
VisualStudioVersion = 17.13.35931.197 d17.13
MinimumVisualStudioVersion = 10.0.40219.1
Project("{FAE04EC0-301F-11D3-BF4B-00C04F79EFBC}") = "ClassLibrary1", "ClassLibrary1.csproj", "{91FB1321-85D6-4257-9CFF-0E7E92FE7DD7}"
EndProject
Global
	GlobalSection(SolutionConfigurationPlatforms) = preSolution
		Debug|Any CPU = Debug|Any CPU
		Release|Any CPU = Release|Any CPU
	EndGlobalSection
	GlobalSection(ProjectConfigurationPlatforms) = postSolution
		{91FB1321-85D6-4257-9CFF-0E7E92FE7DD7}.Debug|Any CPU.ActiveCfg = Debug|Any CPU
		{91FB1321-85D6-4257-9CFF-0E7E92FE7DD7}.Debug|Any CPU.Build.0 = Debug|Any CPU
		{91FB1321-85D6-4257-9CFF-0E7E92FE7DD7}.Release|Any CPU.ActiveCfg = Release|Any CPU
		{91FB1321-85D6-4257-9CFF-0E7E92FE7DD7}.Release|Any CPU.Build.0 = Release|Any CPU
	EndGlobalSection
	GlobalSection(SolutionProperties) = preSolution
		HideSolutionNode = FALSE
	EndGlobalSection
	GlobalSection(ExtensibilityGlobals) = postSolution
		SolutionGuid = {150FB685-0675-4DBA-9E13-FAF44D201CA7}
	EndGlobalSection
EndGlobal
